{
  "name": "@dukebot/open-router",
  "version": "0.1.0",
  "lockfileVersion": 3,
  "requires": true,
  "packages": {
    "": {
      "name": "@dukebot/open-router",
      "version": "0.1.0",
      "license": "MIT",
      "dependencies": {
        "jsonrepair": "^3.12.0"
      },
      "engines": {
        "node": ">=18"
      }
    },
    "node_modules/jsonrepair": {
      "version": "3.12.0",
      "resolved": "https://registry.npmjs.org/jsonrepair/-/jsonrepair-3.12.0.tgz",
      "integrity": "sha512-SWfjz8SuQ0wZjwsxtSJ3Zy8vvLg6aO/kxcp9TWNPGwJKgTZVfhNEQBMk/vPOpYCDFWRxD6QWuI6IHR1t615f0w==",
      "license": "ISC",
      "bin": {
        "jsonrepair": "bin/cli.js"
      }
    }
  }
}
